
Microsoft Visual Studio Solution File, Format Version 12.00
# Visual Studio Version 17
VisualStudioVersion = 17.0.31903.59
MinimumVisualStudioVersion = 10.0.40219.1
Project("{2150E333-8FDC-42A3-9474-1A3956D46DE8}") = "src", "src", "{827E0CD3-B72D-47B6-A68D-7590B98EB39B}"
EndProject
Project("{2150E333-8FDC-42A3-9474-1A3956D46DE8}") = "core", "core", "{8D626EA8-CB54-BC41-363A-217881BEBA6E}"
EndProject
Project("{FAE04EC0-301F-11D3-BF4B-00C04F79EFBC}") = "Travel.Domain", "src\core\Travel.Domain\Travel.Domain.csproj", "{6782C43F-A49C-41A3-96B6-C1101762C808}"
EndProject
Project("{FAE04EC0-301F-11D3-BF4B-00C04F79EFBC}") = "Travel.Application", "src\core\Travel.Application\Travel.Application.csproj", "{E42975A2-919F-4CF7-A123-045BB7F82396}"
EndProject
Project("{2150E333-8FDC-42A3-9474-1A3956D46DE8}") = "infrastructure", "infrastructure", "{9048EB7F-3875-A59E-E36B-5BD4C6F2A282}"
EndProject
Project("{FAE04EC0-301F-11D3-BF4B-00C04F79EFBC}") = "Travel.Shared", "src\infrastructure\Travel.Shared\Travel.Shared.csproj", "{6DFACC58-A5A3-4659-A479-A8962DEC419A}"
EndProject
Project("{2150E333-8FDC-42A3-9474-1A3956D46DE8}") = "presentation", "presentation", "{6996BBF7-DB31-59BC-C7DD-9A7CCC6138C4}"
EndProject
Project("{FAE04EC0-301F-11D3-BF4B-00C04F79EFBC}") = "Travel.WebApi", "src\presentation\Travel.WebApi\Travel.WebApi.csproj", "{5C29FD72-88CE-45F8-B2EB-D41AB6A11193}"
EndProject
Project("{FAE04EC0-301F-11D3-BF4B-00C04F79EFBC}") = "Travel.Data", "src\infrastructure\Travel.Data\Travel.Data.csproj", "{AACE8400-F251-4343-B661-B000331A8A3B}"
EndProject
Global
	GlobalSection(SolutionConfigurationPlatforms) = preSolution
		Debug|Any CPU = Debug|Any CPU
		Debug|x64 = Debug|x64
		Debug|x86 = Debug|x86
		Release|Any CPU = Release|Any CPU
		Release|x64 = Release|x64
		Release|x86 = Release|x86
	EndGlobalSection
	GlobalSection(ProjectConfigurationPlatforms) = postSolution
		{6782C43F-A49C-41A3-96B6-C1101762C808}.Debug|Any CPU.ActiveCfg = Debug|Any CPU
		{6782C43F-A49C-41A3-96B6-C1101762C808}.Debug|Any CPU.Build.0 = Debug|Any CPU
		{6782C43F-A49C-41A3-96B6-C1101762C808}.Debug|x64.ActiveCfg = Debug|Any CPU
		{6782C43F-A49C-41A3-96B6-C1101762C808}.Debug|x64.Build.0 = Debug|Any CPU
		{6782C43F-A49C-41A3-96B6-C1101762C808}.Debug|x86.ActiveCfg = Debug|Any CPU
		{6782C43F-A49C-41A3-96B6-C1101762C808}.Debug|x86.Build.0 = Debug|Any CPU
		{6782C43F-A49C-41A3-96B6-C1101762C808}.Release|Any CPU.ActiveCfg = Release|Any CPU
		{6782C43F-A49C-41A3-96B6-C1101762C808}.Release|Any CPU.Build.0 = Release|Any CPU
		{6782C43F-A49C-41A3-96B6-C1101762C808}.Release|x64.ActiveCfg = Release|Any CPU
		{6782C43F-A49C-41A3-96B6-C1101762C808}.Release|x64.Build.0 = Release|Any CPU
		{6782C43F-A49C-41A3-96B6-C1101762C808}.Release|x86.ActiveCfg = Release|Any CPU
		{6782C43F-A49C-41A3-96B6-C1101762C808}.Release|x86.Build.0 = Release|Any CPU
		{E42975A2-919F-4CF7-A123-045BB7F82396}.Debug|Any CPU.ActiveCfg = Debug|Any CPU
		{E42975A2-919F-4CF7-A123-045BB7F82396}.Debug|Any CPU.Build.0 = Debug|Any CPU
		{E42975A2-919F-4CF7-A123-045BB7F82396}.Debug|x64.ActiveCfg = Debug|Any CPU
		{E42975A2-919F-4CF7-A123-045BB7F82396}.Debug|x64.Build.0 = Debug|Any CPU
		{E42975A2-919F-4CF7-A123-045BB7F82396}.Debug|x86.ActiveCfg = Debug|Any CPU
		{E42975A2-919F-4CF7-A123-045BB7F82396}.Debug|x86.Build.0 = Debug|Any CPU
		{E42975A2-919F-4CF7-A123-045BB7F82396}.Release|Any CPU.ActiveCfg = Release|Any CPU
		{E42975A2-919F-4CF7-A123-045BB7F82396}.Release|Any CPU.Build.0 = Release|Any CPU
		{E42975A2-919F-4CF7-A123-045BB7F82396}.Release|x64.ActiveCfg = Release|Any CPU
		{E42975A2-919F-4CF7-A123-045BB7F82396}.Release|x64.Build.0 = Release|Any CPU
		{E42975A2-919F-4CF7-A123-045BB7F82396}.Release|x86.ActiveCfg = Release|Any CPU
		{E42975A2-919F-4CF7-A123-045BB7F82396}.Release|x86.Build.0 = Release|Any CPU
		{6DFACC58-A5A3-4659-A479-A8962DEC419A}.Debug|Any CPU.ActiveCfg = Debug|Any CPU
		{6DFACC58-A5A3-4659-A479-A8962DEC419A}.Debug|Any CPU.Build.0 = Debug|Any CPU
		{6DFACC58-A5A3-4659-A479-A8962DEC419A}.Debug|x64.ActiveCfg = Debug|Any CPU
		{6DFACC58-A5A3-4659-A479-A8962DEC419A}.Debug|x64.Build.0 = Debug|Any CPU
		{6DFACC58-A5A3-4659-A479-A8962DEC419A}.Debug|x86.ActiveCfg = Debug|Any CPU
		{6DFACC58-A5A3-4659-A479-A8962DEC419A}.Debug|x86.Build.0 = Debug|Any CPU
		{6DFACC58-A5A3-4659-A479-A8962DEC419A}.Release|Any CPU.ActiveCfg = Release|Any CPU
		{6DFACC58-A5A3-4659-A479-A8962DEC419A}.Release|Any CPU.Build.0 = Release|Any CPU
		{6DFACC58-A5A3-4659-A479-A8962DEC419A}.Release|x64.ActiveCfg = Release|Any CPU
		{6DFACC58-A5A3-4659-A479-A8962DEC419A}.Release|x64.Build.0 = Release|Any CPU
		{6DFACC58-A5A3-4659-A479-A8962DEC419A}.Release|x86.ActiveCfg = Release|Any CPU
		{6DFACC58-A5A3-4659-A479-A8962DEC419A}.Release|x86.Build.0 = Release|Any CPU
		{5C29FD72-88CE-45F8-B2EB-D41AB6A11193}.Debug|Any CPU.ActiveCfg = Debug|Any CPU
		{5C29FD72-88CE-45F8-B2EB-D41AB6A11193}.Debug|Any CPU.Build.0 = Debug|Any CPU
		{5C29FD72-88CE-45F8-B2EB-D41AB6A11193}.Debug|x64.ActiveCfg = Debug|Any CPU
		{5C29FD72-88CE-45F8-B2EB-D41AB6A11193}.Debug|x64.Build.0 = Debug|Any CPU
		{5C29FD72-88CE-45F8-B2EB-D41AB6A11193}.Debug|x86.ActiveCfg = Debug|Any CPU
		{5C29FD72-88CE-45F8-B2EB-D41AB6A11193}.Debug|x86.Build.0 = Debug|Any CPU
		{5C29FD72-88CE-45F8-B2EB-D41AB6A11193}.Release|Any CPU.ActiveCfg = Release|Any CPU
		{5C29FD72-88CE-45F8-B2EB-D41AB6A11193}.Release|Any CPU.Build.0 = Release|Any CPU
		{5C29FD72-88CE-45F8-B2EB-D41AB6A11193}.Release|x64.ActiveCfg = Release|Any CPU
		{5C29FD72-88CE-45F8-B2EB-D41AB6A11193}.Release|x64.Build.0 = Release|Any CPU
		{5C29FD72-88CE-45F8-B2EB-D41AB6A11193}.Release|x86.ActiveCfg = Release|Any CPU
		{5C29FD72-88CE-45F8-B2EB-D41AB6A11193}.Release|x86.Build.0 = Release|Any CPU
		{AACE8400-F251-4343-B661-B000331A8A3B}.Debug|Any CPU.ActiveCfg = Debug|Any CPU
		{AACE8400-F251-4343-B661-B000331A8A3B}.Debug|Any CPU.Build.0 = Debug|Any CPU
		{AACE8400-F251-4343-B661-B000331A8A3B}.Debug|x64.ActiveCfg = Debug|Any CPU
		{AACE8400-F251-4343-B661-B000331A8A3B}.Debug|x64.Build.0 = Debug|Any CPU
		{AACE8400-F251-4343-B661-B000331A8A3B}.Debug|x86.ActiveCfg = Debug|Any CPU
		{AACE8400-F251-4343-B661-B000331A8A3B}.Debug|x86.Build.0 = Debug|Any CPU
		{AACE8400-F251-4343-B661-B000331A8A3B}.Release|Any CPU.ActiveCfg = Release|Any CPU
		{AACE8400-F251-4343-B661-B000331A8A3B}.Release|Any CPU.Build.0 = Release|Any CPU
		{AACE8400-F251-4343-B661-B000331A8A3B}.Release|x64.ActiveCfg = Release|Any CPU
		{AACE8400-F251-4343-B661-B000331A8A3B}.Release|x64.Build.0 = Release|Any CPU
		{AACE8400-F251-4343-B661-B000331A8A3B}.Release|x86.ActiveCfg = Release|Any CPU
		{AACE8400-F251-4343-B661-B000331A8A3B}.Release|x86.Build.0 = Release|Any CPU
	EndGlobalSection
	GlobalSection(SolutionProperties) = preSolution
		HideSolutionNode = FALSE
	EndGlobalSection
	GlobalSection(NestedProjects) = preSolution
		{8D626EA8-CB54-BC41-363A-217881BEBA6E} = {827E0CD3-B72D-47B6-A68D-7590B98EB39B}
		{6782C43F-A49C-41A3-96B6-C1101762C808} = {8D626EA8-CB54-BC41-363A-217881BEBA6E}
		{E42975A2-919F-4CF7-A123-045BB7F82396} = {8D626EA8-CB54-BC41-363A-217881BEBA6E}
		{9048EB7F-3875-A59E-E36B-5BD4C6F2A282} = {827E0CD3-B72D-47B6-A68D-7590B98EB39B}
		{6DFACC58-A5A3-4659-A479-A8962DEC419A} = {9048EB7F-3875-A59E-E36B-5BD4C6F2A282}
		{6996BBF7-DB31-59BC-C7DD-9A7CCC6138C4} = {827E0CD3-B72D-47B6-A68D-7590B98EB39B}
		{5C29FD72-88CE-45F8-B2EB-D41AB6A11193} = {6996BBF7-DB31-59BC-C7DD-9A7CCC6138C4}
		{AACE8400-F251-4343-B661-B000331A8A3B} = {9048EB7F-3875-A59E-E36B-5BD4C6F2A282}
	EndGlobalSection
EndGlobal
